
Microsoft Visual Studio Solution File, Format Version 12.00
# Visual Studio Version 18
VisualStudioVersion = 18.8.12021.73 stable
MinimumVisualStudioVersion = 10.0.40219.1
Project("{FAE04EC0-301F-11D3-BF4B-00C04F79EFBC}") = "Web", "Web\Web.csproj", "{C80C8454-5C31-49D0-94F2-BD26DBA0DE72}"
EndProject
Project("{2150E333-8FDC-42A3-9474-1A3956D46DE8}") = "Lib", "Lib", "{1DD44E1D-EFBE-4DE7-9CC3-7801AF3333D2}"
	ProjectSection(SolutionItems) = preProject
		Lib\AjaxPro.2.dll = Lib\AjaxPro.2.dll
		..\..\..\..\Users\Sperkey.Zhong\source\repos\WinApp\WinApp\bin\Debug\Dapper.dll = ..\..\..\..\Users\Sperkey.Zhong\source\repos\WinApp\WinApp\bin\Debug\Dapper.dll
		Lib\FNTHEX32.DLL = Lib\FNTHEX32.DLL
		Lib\sapnco.dll = Lib\sapnco.dll
		Lib\sapnco_utils.dll = Lib\sapnco_utils.dll
		Lib\SKT.API.dll = Lib\SKT.API.dll
		Lib\SKT.Common.Account.BLL.dll = Lib\SKT.Common.Account.BLL.dll
		Lib\SKT.Common.Account.Model.dll = Lib\SKT.Common.Account.Model.dll
		Lib\SKT.Common.DAL.Marshal.dll = Lib\SKT.Common.DAL.Marshal.dll
		Lib\SKT.Common.Model.dll = Lib\SKT.Common.Model.dll
		Lib\SKT.Common.Organization.Model.dll = Lib\SKT.Common.Organization.Model.dll
		Lib\SKT.Common.Utility.dll = Lib\SKT.Common.Utility.dll
		Lib\SKT.LeanMES.Accessories.BLL.dll = Lib\SKT.LeanMES.Accessories.BLL.dll
		Lib\SKT.LeanMES.Accessories.Model.dll = Lib\SKT.LeanMES.Accessories.Model.dll
		Lib\SKT.LeanMES.Anormal.BLL.dll = Lib\SKT.LeanMES.Anormal.BLL.dll
		Lib\SKT.LeanMES.Anormal.Model.dll = Lib\SKT.LeanMES.Anormal.Model.dll
		Lib\SKT.LeanMES.Certification.BLL.dll = Lib\SKT.LeanMES.Certification.BLL.dll
		Lib\SKT.LeanMES.Certification.Model.dll = Lib\SKT.LeanMES.Certification.Model.dll
		Lib\SKT.LeanMES.ClientConfig.BLL.dll = Lib\SKT.LeanMES.ClientConfig.BLL.dll
		Lib\SKT.LeanMES.Container.Model.dll = Lib\SKT.LeanMES.Container.Model.dll
		Lib\SKT.LeanMES.Customer.BLL.dll = Lib\SKT.LeanMES.Customer.BLL.dll
		..\DLL-8.5.4\BasalData\DataDistribution\BLL\bin\Debug\SKT.LeanMES.DataDistribution.BLL.dll = ..\DLL-8.5.4\BasalData\DataDistribution\BLL\bin\Debug\SKT.LeanMES.DataDistribution.BLL.dll
		..\DLL-8.5.4\BasalData\DataDistribution\BLL\bin\Debug\SKT.LeanMES.DataDistribution.Model.dll = ..\DLL-8.5.4\BasalData\DataDistribution\BLL\bin\Debug\SKT.LeanMES.DataDistribution.Model.dll
		Lib\SKT.LeanMES.DataType.BLL.dll = Lib\SKT.LeanMES.DataType.BLL.dll
		Lib\SKT.LeanMES.DataType.Model.dll = Lib\SKT.LeanMES.DataType.Model.dll
		Lib\SKT.LeanMES.EmailConfig.BLL.dll = Lib\SKT.LeanMES.EmailConfig.BLL.dll
		Lib\SKT.LeanMES.EmailConfig.Model.dll = Lib\SKT.LeanMES.EmailConfig.Model.dll
		..\..\LeanMES_8_5_DLL\DLL-8.5.3\BasalData\Equipment\BLL\bin\Debug\SKT.LeanMES.Equipment.BLL.dll = ..\..\LeanMES_8_5_DLL\DLL-8.5.3\BasalData\Equipment\BLL\bin\Debug\SKT.LeanMES.Equipment.BLL.dll
		Lib\SKT.LeanMES.Equipment.Model.dll = Lib\SKT.LeanMES.Equipment.Model.dll
		Lib\SKT.LeanMES.ESOP.BLL.dll = Lib\SKT.LeanMES.ESOP.BLL.dll
		Lib\SKT.LeanMES.Factory.Model.dll = Lib\SKT.LeanMES.Factory.Model.dll
		Lib\SKT.LeanMES.FormTemplate.BLL.dll = Lib\SKT.LeanMES.FormTemplate.BLL.dll
		Lib\SKT.LeanMES.FormTemplate.Model.dll = Lib\SKT.LeanMES.FormTemplate.Model.dll
		Lib\SKT.LeanMES.Jig.BLL.dll = Lib\SKT.LeanMES.Jig.BLL.dll
		Lib\SKT.LeanMES.Jig.Model.dll = Lib\SKT.LeanMES.Jig.Model.dll
		Lib\SKT.LeanMES.Kanban.Model.dll = Lib\SKT.LeanMES.Kanban.Model.dll
		..\..\..\..\Users\loge.song\Desktop\SKT.LeanMES.Labels.BLL.dll = ..\..\..\..\Users\loge.song\Desktop\SKT.LeanMES.Labels.BLL.dll
		..\..\LeanMES_8_5_DLL\DLL-8.5.3\BasalData\Labels\BLL\bin\Debug\SKT.LeanMES.Labels.BLL.dll = ..\..\LeanMES_8_5_DLL\DLL-8.5.3\BasalData\Labels\BLL\bin\Debug\SKT.LeanMES.Labels.BLL.dll
		Lib\SKT.LeanMES.Labels.Model.dll = Lib\SKT.LeanMES.Labels.Model.dll
		..\..\..\..\Users\loge.song\Desktop\SKT.LeanMES.Labels.Model.dll = ..\..\..\..\Users\loge.song\Desktop\SKT.LeanMES.Labels.Model.dll
		Lib\SKT.LeanMES.Labels.Pdf.dll = Lib\SKT.LeanMES.Labels.Pdf.dll
		Lib\SKT.LeanMES.Maintenance.BLL.dll = Lib\SKT.LeanMES.Maintenance.BLL.dll
		..\..\LeanMES_8_5_DLL\DLL-8.5.3\Production\Maintenance\BLL\bin\Debug\SKT.LeanMES.Maintenance.BLL.dll = ..\..\LeanMES_8_5_DLL\DLL-8.5.3\Production\Maintenance\BLL\bin\Debug\SKT.LeanMES.Maintenance.BLL.dll
		Lib\SKT.LeanMES.Maintenance.Model.dll = Lib\SKT.LeanMES.Maintenance.Model.dll
		..\LeanMES_8_5_DLL\DLL-8.5.1\Production\Manufacture\BLL\obj\Debug\SKT.LeanMES.Manufacture.BLL.dll = ..\LeanMES_8_5_DLL\DLL-8.5.1\Production\Manufacture\BLL\obj\Debug\SKT.LeanMES.Manufacture.BLL.dll
		..\LeanMES_8_5_DLL\DLL-8.5.1\Production\Manufacture\BLL\bin\Debug\SKT.LeanMES.Manufacture.BLL.dll = ..\LeanMES_8_5_DLL\DLL-8.5.1\Production\Manufacture\BLL\bin\Debug\SKT.LeanMES.Manufacture.BLL.dll
		..\LeanMES_8_5_DLL\DLL-8.5.1\Production\Manufacture\BLL\bin\Debug\SKT.LeanMES.Manufacture.Model.dll = ..\LeanMES_8_5_DLL\DLL-8.5.1\Production\Manufacture\BLL\bin\Debug\SKT.LeanMES.Manufacture.Model.dll
		Lib\SKT.LeanMES.MaskGroup.BLL.dll = Lib\SKT.LeanMES.MaskGroup.BLL.dll
		..\LeanMES_8_5_DLL\DLL-8.5.1\Production\Material\BLL\obj\Debug\SKT.LeanMES.Material.BLL.dll = ..\LeanMES_8_5_DLL\DLL-8.5.1\Production\Material\BLL\obj\Debug\SKT.LeanMES.Material.BLL.dll
		..\LeanMES_8_5_DLL\DLL-8.5.1\Production\Material\Model\obj\Debug\SKT.LeanMES.Material.Model.dll = ..\LeanMES_8_5_DLL\DLL-8.5.1\Production\Material\Model\obj\Debug\SKT.LeanMES.Material.Model.dll
		Lib\SKT.LeanMES.MaterialDelivery.Model.dll = Lib\SKT.LeanMES.MaterialDelivery.Model.dll
		Lib\SKT.LeanMES.MenuHelper.dll = Lib\SKT.LeanMES.MenuHelper.dll
		Lib\SKT.LeanMES.MobileMat.BLL.dll = Lib\SKT.LeanMES.MobileMat.BLL.dll
		Lib\SKT.LeanMES.MobileMat.Model.dll = Lib\SKT.LeanMES.MobileMat.Model.dll
		Lib\SKT.LeanMES.MobileProd.BLL.dll = Lib\SKT.LeanMES.MobileProd.BLL.dll
		Lib\SKT.LeanMES.MobileProd.Model.dll = Lib\SKT.LeanMES.MobileProd.Model.dll
		..\8.5.1.dll\Production\Molding\BLL\bin\Debug\SKT.LeanMES.Molding.BLL.dll = ..\8.5.1.dll\Production\Molding\BLL\bin\Debug\SKT.LeanMES.Molding.BLL.dll
		..\8.5.1.dll\Production\Molding\BLL\bin\Debug\SKT.LeanMES.Molding.Model.dll = ..\8.5.1.dll\Production\Molding\BLL\bin\Debug\SKT.LeanMES.Molding.Model.dll
		..\..\LeanMES_8_5_DLL\DLL-8.5.1\Production\Molding\BLL\bin\Debug\SKT.LeanMES.Molding.Model.dll = ..\..\LeanMES_8_5_DLL\DLL-8.5.1\Production\Molding\BLL\bin\Debug\SKT.LeanMES.Molding.Model.dll
		Lib\SKT.LeanMES.Navigation.BLL.dll = Lib\SKT.LeanMES.Navigation.BLL.dll
		Lib\SKT.LeanMES.Navigation.Model.dll = Lib\SKT.LeanMES.Navigation.Model.dll
		Lib\SKT.LeanMES.NCCode.BLL.dll = Lib\SKT.LeanMES.NCCode.BLL.dll
		Lib\SKT.LeanMES.NCCode.Model.dll = Lib\SKT.LeanMES.NCCode.Model.dll
		Lib\SKT.LeanMES.Order.BLL.dll = Lib\SKT.LeanMES.Order.BLL.dll
		..\LeanMES_8_5_DLL\DLL-8.5.1\Production\Order\BLL\bin\Debug\SKT.LeanMES.Order.BLL.dll = ..\LeanMES_8_5_DLL\DLL-8.5.1\Production\Order\BLL\bin\Debug\SKT.LeanMES.Order.BLL.dll
		..\LeanMES_8_5_DLL\DLL-8.5.1\Production\Order\BLL\bin\Debug\SKT.LeanMES.Order.Model.dll = ..\LeanMES_8_5_DLL\DLL-8.5.1\Production\Order\BLL\bin\Debug\SKT.LeanMES.Order.Model.dll
		Lib\SKT.LeanMES.PackPrint.BLL.dll = Lib\SKT.LeanMES.PackPrint.BLL.dll
		Lib\SKT.LeanMES.PackPrint.Model.dll = Lib\SKT.LeanMES.PackPrint.Model.dll
		Lib\SKT.LeanMES.Plan.BLL.dll = Lib\SKT.LeanMES.Plan.BLL.dll
		Lib\SKT.LeanMES.Plan.Model.dll = Lib\SKT.LeanMES.Plan.Model.dll
		Lib\SKT.LeanMES.Print.Model.dll = Lib\SKT.LeanMES.Print.Model.dll
		Lib\SKT.LeanMES.Process.dll = Lib\SKT.LeanMES.Process.dll
		..\LeanMES_8_5_DLL\DLL-8.5.1\BasalData\Product\BLL\bin\Debug\SKT.LeanMES.Product.BLL.dll = ..\LeanMES_8_5_DLL\DLL-8.5.1\BasalData\Product\BLL\bin\Debug\SKT.LeanMES.Product.BLL.dll
		..\LeanMES_8_5_DLL\DLL-8.5.1\BasalData\Product\BLL\bin\Debug\SKT.LeanMES.Product.Model.dll = ..\LeanMES_8_5_DLL\DLL-8.5.1\BasalData\Product\BLL\bin\Debug\SKT.LeanMES.Product.Model.dll
		..\LeanMES_8_5_DLL\DLL-8.5.1\BasalData\Product\Model\bin\Debug\SKT.LeanMES.Product.Model.dll = ..\LeanMES_8_5_DLL\DLL-8.5.1\BasalData\Product\Model\bin\Debug\SKT.LeanMES.Product.Model.dll
		Lib\SKT.LeanMES.ProductionCollection.dll = Lib\SKT.LeanMES.ProductionCollection.dll
		..\LeanMES_8_5_DLL\DLL-8.5.1\Production\Client\ProductionCollection\bin\Debug\SKT.LeanMES.ProductionCollection.dll = ..\LeanMES_8_5_DLL\DLL-8.5.1\Production\Client\ProductionCollection\bin\Debug\SKT.LeanMES.ProductionCollection.dll
		Lib\SKT.LeanMES.ProductionShift.BLL.dll = Lib\SKT.LeanMES.ProductionShift.BLL.dll
		Lib\SKT.LeanMES.ProductionShift.Model.dll = Lib\SKT.LeanMES.ProductionShift.Model.dll
		Lib\SKT.LeanMES.PubItems.Model.dll = Lib\SKT.LeanMES.PubItems.Model.dll
		Lib\SKT.LeanMES.Resource.BLL.dll = Lib\SKT.LeanMES.Resource.BLL.dll
		Lib\SKT.LeanMES.Rework.BLL.dll = Lib\SKT.LeanMES.Rework.BLL.dll
		Lib\SKT.LeanMES.Router.BLL.dll = Lib\SKT.LeanMES.Router.BLL.dll
		Lib\SKT.LeanMES.Router.Model.dll = Lib\SKT.LeanMES.Router.Model.dll
		Lib\SKT.LeanMES.SampleNumberManagement.BLL.dll = Lib\SKT.LeanMES.SampleNumberManagement.BLL.dll
		Lib\SKT.LeanMES.SampleNumberManagement.Model.dll = Lib\SKT.LeanMES.SampleNumberManagement.Model.dll
		Lib\SKT.LeanMES.Schedule.BLL.dll = Lib\SKT.LeanMES.Schedule.BLL.dll
		Lib\SKT.LeanMES.Schedule.Model.dll = Lib\SKT.LeanMES.Schedule.Model.dll
		Lib\SKT.LeanMES.SDP.BLL.dll = Lib\SKT.LeanMES.SDP.BLL.dll
		Lib\SKT.LeanMES.SDP.Exec.dll = Lib\SKT.LeanMES.SDP.Exec.dll
		Lib\SKT.LeanMES.SDP.Model.dll = Lib\SKT.LeanMES.SDP.Model.dll
		Lib\SKT.LeanMES.Shipment.Model.dll = Lib\SKT.LeanMES.Shipment.Model.dll
		..\LeanMES_8_5_DLL\DLL-8.5.1\Production\SMT\BLL\bin\Debug\SKT.LeanMES.SMT.BLL.dll = ..\LeanMES_8_5_DLL\DLL-8.5.1\Production\SMT\BLL\bin\Debug\SKT.LeanMES.SMT.BLL.dll
		Lib\SKT.LeanMES.Sparepart.BLL.dll = Lib\SKT.LeanMES.Sparepart.BLL.dll
		Lib\SKT.LeanMES.Sparepart.Model.dll = Lib\SKT.LeanMES.Sparepart.Model.dll
		Lib\SKT.LeanMES.SqlInjection.BLL.dll = Lib\SKT.LeanMES.SqlInjection.BLL.dll
		Lib\SKT.LeanMES.Station.BLL.dll = Lib\SKT.LeanMES.Station.BLL.dll
		Lib\SKT.LeanMES.Station.Model.dll = Lib\SKT.LeanMES.Station.Model.dll
		Lib\SKT.LeanMES.SteelMesh.BLL.dll = Lib\SKT.LeanMES.SteelMesh.BLL.dll
		Lib\SKT.LeanMES.SteelMesh.Model.dll = Lib\SKT.LeanMES.SteelMesh.Model.dll
		Lib\SKT.LeanMES.Synchronization.BLL.dll = Lib\SKT.LeanMES.Synchronization.BLL.dll
		Lib\SKT.LeanMES.Synchronization.Model.dll = Lib\SKT.LeanMES.Synchronization.Model.dll
		Lib\SKT.LeanMES.Turnover.BLL.dll = Lib\SKT.LeanMES.Turnover.BLL.dll
		Lib\SKT.LeanMES.Turnover.Model.dll = Lib\SKT.LeanMES.Turnover.Model.dll
		Lib\SKT.LeanMES.Warehouse.BLL.dll = Lib\SKT.LeanMES.Warehouse.BLL.dll
		Lib\SKT.LeanMES.WorkShop.Model.dll = Lib\SKT.LeanMES.WorkShop.Model.dll
		Lib\SKT.MES.BasalData.BLL.dll = Lib\SKT.MES.BasalData.BLL.dll
		Lib\SKT.MES.BasalData.Model.dll = Lib\SKT.MES.BasalData.Model.dll
		Lib\SKT.MES.DAL.Marshal.dll = Lib\SKT.MES.DAL.Marshal.dll
		Lib\SKT.MES.ReportingService.dll = Lib\SKT.MES.ReportingService.dll
		Lib\System.Web.Engine.dll = Lib\System.Web.Engine.dll
		Lib\ThoughtWorks.QRCode.dll = Lib\ThoughtWorks.QRCode.dll
	EndProjectSection
EndProject
Project("{FAE04EC0-301F-11D3-BF4B-00C04F79EFBC}") = "WebAPI", "WebAPI\WebAPI.csproj", "{AEE4767C-AA8F-4BDD-93EA-AFF45A293EDC}"
EndProject
Global
	GlobalSection(SolutionConfigurationPlatforms) = preSolution
		Debug|Any CPU = Debug|Any CPU
		Debug|Mixed Platforms = Debug|Mixed Platforms
		Debug|x86 = Debug|x86
		Release|Any CPU = Release|Any CPU
		Release|Mixed Platforms = Release|Mixed Platforms
		Release|x86 = Release|x86
	EndGlobalSection
	GlobalSection(ProjectConfigurationPlatforms) = postSolution
		{C80C8454-5C31-49D0-94F2-BD26DBA0DE72}.Debug|Any CPU.ActiveCfg = Debug|Any CPU
		{C80C8454-5C31-49D0-94F2-BD26DBA0DE72}.Debug|Any CPU.Build.0 = Debug|Any CPU
		{C80C8454-5C31-49D0-94F2-BD26DBA0DE72}.Debug|Mixed Platforms.ActiveCfg = Debug|Any CPU
		{C80C8454-5C31-49D0-94F2-BD26DBA0DE72}.Debug|Mixed Platforms.Build.0 = Debug|Any CPU
		{C80C8454-5C31-49D0-94F2-BD26DBA0DE72}.Debug|x86.ActiveCfg = Debug|Any CPU
		{C80C8454-5C31-49D0-94F2-BD26DBA0DE72}.Release|Any CPU.ActiveCfg = Release|Any CPU
		{C80C8454-5C31-49D0-94F2-BD26DBA0DE72}.Release|Any CPU.Build.0 = Release|Any CPU
		{C80C8454-5C31-49D0-94F2-BD26DBA0DE72}.Release|Mixed Platforms.ActiveCfg = Release|Any CPU
		{C80C8454-5C31-49D0-94F2-BD26DBA0DE72}.Release|Mixed Platforms.Build.0 = Release|Any CPU
		{C80C8454-5C31-49D0-94F2-BD26DBA0DE72}.Release|x86.ActiveCfg = Release|Any CPU
		{AEE4767C-AA8F-4BDD-93EA-AFF45A293EDC}.Debug|Any CPU.ActiveCfg = Debug|Any CPU
		{AEE4767C-AA8F-4BDD-93EA-AFF45A293EDC}.Debug|Any CPU.Build.0 = Debug|Any CPU
		{AEE4767C-AA8F-4BDD-93EA-AFF45A293EDC}.Debug|Mixed Platforms.ActiveCfg = Debug|Any CPU
		{AEE4767C-AA8F-4BDD-93EA-AFF45A293EDC}.Debug|Mixed Platforms.Build.0 = Debug|Any CPU
		{AEE4767C-AA8F-4BDD-93EA-AFF45A293EDC}.Debug|x86.ActiveCfg = Debug|Any CPU
		{AEE4767C-AA8F-4BDD-93EA-AFF45A293EDC}.Debug|x86.Build.0 = Debug|Any CPU
		{AEE4767C-AA8F-4BDD-93EA-AFF45A293EDC}.Release|Any CPU.ActiveCfg = Release|Any CPU
		{AEE4767C-AA8F-4BDD-93EA-AFF45A293EDC}.Release|Any CPU.Build.0 = Release|Any CPU
		{AEE4767C-AA8F-4BDD-93EA-AFF45A293EDC}.Release|Mixed Platforms.ActiveCfg = Release|Any CPU
		{AEE4767C-AA8F-4BDD-93EA-AFF45A293EDC}.Release|Mixed Platforms.Build.0 = Release|Any CPU
		{AEE4767C-AA8F-4BDD-93EA-AFF45A293EDC}.Release|x86.ActiveCfg = Release|Any CPU
		{AEE4767C-AA8F-4BDD-93EA-AFF45A293EDC}.Release|x86.Build.0 = Release|Any CPU
	EndGlobalSection
	GlobalSection(SolutionProperties) = preSolution
		HideSolutionNode = FALSE
	EndGlobalSection
	GlobalSection(ExtensibilityGlobals) = postSolution
		SolutionGuid = {E2CAF6BF-474C-4874-B123-8058EC844877}
	EndGlobalSection
	GlobalSection(TeamFoundationVersionControl) = preSolution
		SccNumberOfProjects = 3
		SccEnterpriseProvider = {4CA58AB2-18FA-4F8D-95D4-32DDF27D184C}
		SccTeamFoundationServer = http://192.168.2.100:8080/tfs/prodconnection
		SccLocalPath0 = .
		SccProjectUniqueName1 = Web\\Web.csproj
		SccProjectName1 = Web
		SccLocalPath1 = Web
		SccProjectUniqueName2 = WebAPI\\WebAPI.csproj
		SccProjectName2 = WebAPI
		SccLocalPath2 = WebAPI
	EndGlobalSection
	GlobalSection(PowerDesigner) = preSolution
		HasSWS = 1
	EndGlobalSection
EndGlobal
